
Microsoft Visual Studio Solution File, Format Version 12.00
# Visual Studio Version 16
VisualStudioVersion = 16.0.30330.147
MinimumVisualStudioVersion = 10.0.40219.1
Project("{9A19103F-16F7-4668-BE54-9A1E7A4F7556}") = "SampleArchitecture", "SampleArchitecture\SampleArchitecture.csproj", "{6C4DE34D-FE62-4AE6-AE72-80127EACAC9C}"
EndProject
Project("{FAE04EC0-301F-11D3-BF4B-00C04F79EFBC}") = "ArchitectureTest", "ArchitectureTest\ArchitectureTest.csproj", "{BD3DF957-7AA1-437D-8CD8-A75C9BEB6E7D}"
EndProject
Global
	GlobalSection(SolutionConfigurationPlatforms) = preSolution
		Debug|Any CPU = Debug|Any CPU
		Release|Any CPU = Release|Any CPU
	EndGlobalSection
	GlobalSection(ProjectConfigurationPlatforms) = postSolution
		{6C4DE34D-FE62-4AE6-AE72-80127EACAC9C}.Debug|Any CPU.ActiveCfg = Debug|Any CPU
		{6C4DE34D-FE62-4AE6-AE72-80127EACAC9C}.Debug|Any CPU.Build.0 = Debug|Any CPU
		{6C4DE34D-FE62-4AE6-AE72-80127EACAC9C}.Release|Any CPU.ActiveCfg = Release|Any CPU
		{6C4DE34D-FE62-4AE6-AE72-80127EACAC9C}.Release|Any CPU.Build.0 = Release|Any CPU
		{BD3DF957-7AA1-437D-8CD8-A75C9BEB6E7D}.Debug|Any CPU.ActiveCfg = Debug|Any CPU
		{BD3DF957-7AA1-437D-8CD8-A75C9BEB6E7D}.Debug|Any CPU.Build.0 = Debug|Any CPU
		{BD3DF957-7AA1-437D-8CD8-A75C9BEB6E7D}.Release|Any CPU.ActiveCfg = Release|Any CPU
		{BD3DF957-7AA1-437D-8CD8-A75C9BEB6E7D}.Release|Any CPU.Build.0 = Release|Any CPU
	EndGlobalSection
	GlobalSection(SolutionProperties) = preSolution
		HideSolutionNode = FALSE
	EndGlobalSection
	GlobalSection(ExtensibilityGlobals) = postSolution
		SolutionGuid = {9A3CA2E9-424C-4029-9D4E-3F6B70A0E41D}
	EndGlobalSection
EndGlobal
